
Microsoft Visual Studio Solution File, Format Version 12.00
# Visual Studio 15
VisualStudioVersion = 15.0.28010.2036
MinimumVisualStudioVersion = 10.0.40219.1
Project("{9A19103F-16F7-4668-BE54-9A1E7A4F7556}") = "CMPaymentControlMonitor.WebInterface", "CMPaymentControlMonitor.WebInterface\CMPaymentControlMonitor.WebInterface.csproj", "{7015BBBE-610F-437D-B1C9-B26AA98084FC}"
	ProjectSection(ProjectDependencies) = postProject
		{C367947A-8390-480D-A1A4-EA68396CB741} = {C367947A-8390-480D-A1A4-EA68396CB741}
		{B8CC55A6-804C-4E87-9110-7D22980CC856} = {B8CC55A6-804C-4E87-9110-7D22980CC856}
	EndProjectSection
EndProject
Project("{9A19103F-16F7-4668-BE54-9A1E7A4F7556}") = "CMPaymentControlMonitor.Domain", "CMPaymentControlMonitor.Domain\CMPaymentControlMonitor.Domain.csproj", "{C367947A-8390-480D-A1A4-EA68396CB741}"
EndProject
Project("{9A19103F-16F7-4668-BE54-9A1E7A4F7556}") = "CMPaymentControlMonitor.Infrastructure", "CMPaymentControlMonitor.Infrastructure\CMPaymentControlMonitor.Infrastructure.csproj", "{F29C179D-7D6B-4F03-9A56-6D6B0032658F}"
	ProjectSection(ProjectDependencies) = postProject
		{C367947A-8390-480D-A1A4-EA68396CB741} = {C367947A-8390-480D-A1A4-EA68396CB741}
	EndProjectSection
EndProject
Project("{9A19103F-16F7-4668-BE54-9A1E7A4F7556}") = "CMPaymentControlMonitor.Application", "CMPaymentControlMonitor.Application\CMPaymentControlMonitor.Application.csproj", "{B8CC55A6-804C-4E87-9110-7D22980CC856}"
	ProjectSection(ProjectDependencies) = postProject
		{C367947A-8390-480D-A1A4-EA68396CB741} = {C367947A-8390-480D-A1A4-EA68396CB741}
		{F29C179D-7D6B-4F03-9A56-6D6B0032658F} = {F29C179D-7D6B-4F03-9A56-6D6B0032658F}
	EndProjectSection
EndProject
Project("{9A19103F-16F7-4668-BE54-9A1E7A4F7556}") = "CMPaymentControlMonitor.Test", "CMPaymentControlMonitor.Test\CMPaymentControlMonitor.Test.csproj", "{FCAE39E4-D7DE-47D9-8DFD-8293CD81B201}"
EndProject
Project("{9A19103F-16F7-4668-BE54-9A1E7A4F7556}") = "CMPaymentControlMonitor.WebApi", "CMPaymentControlMonitor.WebApi\CMPaymentControlMonitor.WebApi.csproj", "{C588C088-CBAA-4D0F-8D88-36FA6248EF37}"
	ProjectSection(ProjectDependencies) = postProject
		{C367947A-8390-480D-A1A4-EA68396CB741} = {C367947A-8390-480D-A1A4-EA68396CB741}
		{B8CC55A6-804C-4E87-9110-7D22980CC856} = {B8CC55A6-804C-4E87-9110-7D22980CC856}
	EndProjectSection
EndProject
Global
	GlobalSection(SolutionConfigurationPlatforms) = preSolution
		Debug|Any CPU = Debug|Any CPU
		Release|Any CPU = Release|Any CPU
	EndGlobalSection
	GlobalSection(ProjectConfigurationPlatforms) = postSolution
		{7015BBBE-610F-437D-B1C9-B26AA98084FC}.Debug|Any CPU.ActiveCfg = Debug|Any CPU
		{7015BBBE-610F-437D-B1C9-B26AA98084FC}.Debug|Any CPU.Build.0 = Debug|Any CPU
		{7015BBBE-610F-437D-B1C9-B26AA98084FC}.Release|Any CPU.ActiveCfg = Release|Any CPU
		{7015BBBE-610F-437D-B1C9-B26AA98084FC}.Release|Any CPU.Build.0 = Release|Any CPU
		{C367947A-8390-480D-A1A4-EA68396CB741}.Debug|Any CPU.ActiveCfg = Debug|Any CPU
		{C367947A-8390-480D-A1A4-EA68396CB741}.Debug|Any CPU.Build.0 = Debug|Any CPU
		{C367947A-8390-480D-A1A4-EA68396CB741}.Release|Any CPU.ActiveCfg = Release|Any CPU
		{C367947A-8390-480D-A1A4-EA68396CB741}.Release|Any CPU.Build.0 = Release|Any CPU
		{F29C179D-7D6B-4F03-9A56-6D6B0032658F}.Debug|Any CPU.ActiveCfg = Debug|Any CPU
		{F29C179D-7D6B-4F03-9A56-6D6B0032658F}.Debug|Any CPU.Build.0 = Debug|Any CPU
		{F29C179D-7D6B-4F03-9A56-6D6B0032658F}.Release|Any CPU.ActiveCfg = Release|Any CPU
		{F29C179D-7D6B-4F03-9A56-6D6B0032658F}.Release|Any CPU.Build.0 = Release|Any CPU
		{B8CC55A6-804C-4E87-9110-7D22980CC856}.Debug|Any CPU.ActiveCfg = Debug|Any CPU
		{B8CC55A6-804C-4E87-9110-7D22980CC856}.Debug|Any CPU.Build.0 = Debug|Any CPU
		{B8CC55A6-804C-4E87-9110-7D22980CC856}.Release|Any CPU.ActiveCfg = Release|Any CPU
		{B8CC55A6-804C-4E87-9110-7D22980CC856}.Release|Any CPU.Build.0 = Release|Any CPU
		{FCAE39E4-D7DE-47D9-8DFD-8293CD81B201}.Debug|Any CPU.ActiveCfg = Debug|Any CPU
		{FCAE39E4-D7DE-47D9-8DFD-8293CD81B201}.Debug|Any CPU.Build.0 = Debug|Any CPU
		{FCAE39E4-D7DE-47D9-8DFD-8293CD81B201}.Release|Any CPU.ActiveCfg = Release|Any CPU
		{FCAE39E4-D7DE-47D9-8DFD-8293CD81B201}.Release|Any CPU.Build.0 = Release|Any CPU
		{C588C088-CBAA-4D0F-8D88-36FA6248EF37}.Debug|Any CPU.ActiveCfg = Debug|Any CPU
		{C588C088-CBAA-4D0F-8D88-36FA6248EF37}.Debug|Any CPU.Build.0 = Debug|Any CPU
		{C588C088-CBAA-4D0F-8D88-36FA6248EF37}.Release|Any CPU.ActiveCfg = Release|Any CPU
		{C588C088-CBAA-4D0F-8D88-36FA6248EF37}.Release|Any CPU.Build.0 = Release|Any CPU
	EndGlobalSection
	GlobalSection(SolutionProperties) = preSolution
		HideSolutionNode = FALSE
	EndGlobalSection
	GlobalSection(ExtensibilityGlobals) = postSolution
		SolutionGuid = {1DB2C048-B5D1-4EB1-B8E5-F2427A44EFCF}
	EndGlobalSection
EndGlobal
